
Microsoft Visual Studio Solution File, Format Version 12.00
# Visual Studio 15
VisualStudioVersion = 15.0.27428.2027
MinimumVisualStudioVersion = 10.0.40219.1
Project("{FAE04EC0-301F-11D3-BF4B-00C04F79EFBC}") = "Hangman", "Hangman\Hangman.csproj", "{73517D08-61C0-4D28-A34E-5005161247C3}"
EndProject
Global
	GlobalSection(SolutionConfigurationPlatforms) = preSolution
		Debug|Any CPU = Debug|Any CPU
		Release|Any CPU = Release|Any CPU
	EndGlobalSection
	GlobalSection(ProjectConfigurationPlatforms) = postSolution
		{73517D08-61C0-4D28-A34E-5005161247C3}.Debug|Any CPU.ActiveCfg = Debug|Any CPU
		{73517D08-61C0-4D28-A34E-5005161247C3}.Debug|Any CPU.Build.0 = Debug|Any CPU
		{73517D08-61C0-4D28-A34E-5005161247C3}.Release|Any CPU.ActiveCfg = Release|Any CPU
		{73517D08-61C0-4D28-A34E-5005161247C3}.Release|Any CPU.Build.0 = Release|Any CPU
	EndGlobalSection
	GlobalSection(SolutionProperties) = preSolution
		HideSolutionNode = FALSE
	EndGlobalSection
	GlobalSection(ExtensibilityGlobals) = postSolution
		SolutionGuid = {337556C7-C0E4-4EB3-840C-A497F5FC356E}
	EndGlobalSection
EndGlobal
